
Microsoft Visual Studio Solution File, Format Version 12.00
Project("{2150E333-8FDC-42A3-9474-1A3956D46DE8}") = "src", "src", "{7D5EDD88-31C4-4E52-8F42-7A45D06DA798}"
EndProject
Project("{FAE04EC0-301F-11D3-BF4B-00C04F79EFBC}") = "Fossa.AI", "Fossa.AI\Fossa.AI.csproj", "{BF7D8FF1-F4C8-454F-BB9C-5B35B879EC10}"
EndProject
Project("{FAE04EC0-301F-11D3-BF4B-00C04F79EFBC}") = "Fossa.Updater", "Fossa.Updater\Fossa.Updater.csproj", "{87EDA3F3-0E17-44E1-9D76-4E652A6D8060}"
EndProject
Project("{FAE04EC0-301F-11D3-BF4B-00C04F79EFBC}") = "Fossa.ModelManager", "Fossa.ModelManager\Fossa.ModelManager.csproj", "{C9B7B948-3597-467C-842E-6E568CF8021F}"
EndProject
Project("{FAE04EC0-301F-11D3-BF4B-00C04F79EFBC}") = "Fossa.Client.Desktop", "Fossa.Client.Desktop\Fossa.Client.Desktop.csproj", "{4FDF74BF-52F5-455F-958D-3CB3E6F0D0E0}"
EndProject
Project("{FAE04EC0-301F-11D3-BF4B-00C04F79EFBC}") = "Fossa.Configuration", "Fossa.Configuration\Fossa.Configuration.csproj", "{E507FC27-28DC-4431-BF90-2CB2F88A5893}"
EndProject
Project("{2150E333-8FDC-42A3-9474-1A3956D46DE8}") = "tests", "tests", "{3352EF0F-4D01-4EEC-B7EB-3D4BD9DC6B55}"
EndProject
Project("{FAE04EC0-301F-11D3-BF4B-00C04F79EFBC}") = "Fossa.Tests", "Fossa.Tests\Fossa.Tests.csproj", "{908CC848-52E0-49D9-B158-076630A92A71}"
EndProject
Global
	GlobalSection(SolutionConfigurationPlatforms) = preSolution
		Debug|Any CPU = Debug|Any CPU
		Release|Any CPU = Release|Any CPU
	EndGlobalSection
	GlobalSection(NestedProjects) = preSolution
		{BF7D8FF1-F4C8-454F-BB9C-5B35B879EC10} = {7D5EDD88-31C4-4E52-8F42-7A45D06DA798}
		{87EDA3F3-0E17-44E1-9D76-4E652A6D8060} = {7D5EDD88-31C4-4E52-8F42-7A45D06DA798}
		{C9B7B948-3597-467C-842E-6E568CF8021F} = {7D5EDD88-31C4-4E52-8F42-7A45D06DA798}
		{4FDF74BF-52F5-455F-958D-3CB3E6F0D0E0} = {7D5EDD88-31C4-4E52-8F42-7A45D06DA798}
		{E507FC27-28DC-4431-BF90-2CB2F88A5893} = {7D5EDD88-31C4-4E52-8F42-7A45D06DA798}
		{908CC848-52E0-49D9-B158-076630A92A71} = {3352EF0F-4D01-4EEC-B7EB-3D4BD9DC6B55}
	EndGlobalSection
	GlobalSection(ProjectConfigurationPlatforms) = postSolution
		{BF7D8FF1-F4C8-454F-BB9C-5B35B879EC10}.Debug|Any CPU.ActiveCfg = Debug|Any CPU
		{BF7D8FF1-F4C8-454F-BB9C-5B35B879EC10}.Debug|Any CPU.Build.0 = Debug|Any CPU
		{BF7D8FF1-F4C8-454F-BB9C-5B35B879EC10}.Release|Any CPU.ActiveCfg = Release|Any CPU
		{BF7D8FF1-F4C8-454F-BB9C-5B35B879EC10}.Release|Any CPU.Build.0 = Release|Any CPU
		{87EDA3F3-0E17-44E1-9D76-4E652A6D8060}.Debug|Any CPU.ActiveCfg = Debug|Any CPU
		{87EDA3F3-0E17-44E1-9D76-4E652A6D8060}.Debug|Any CPU.Build.0 = Debug|Any CPU
		{87EDA3F3-0E17-44E1-9D76-4E652A6D8060}.Release|Any CPU.ActiveCfg = Release|Any CPU
		{87EDA3F3-0E17-44E1-9D76-4E652A6D8060}.Release|Any CPU.Build.0 = Release|Any CPU
		{C9B7B948-3597-467C-842E-6E568CF8021F}.Debug|Any CPU.ActiveCfg = Debug|Any CPU
		{C9B7B948-3597-467C-842E-6E568CF8021F}.Debug|Any CPU.Build.0 = Debug|Any CPU
		{C9B7B948-3597-467C-842E-6E568CF8021F}.Release|Any CPU.ActiveCfg = Release|Any CPU
		{C9B7B948-3597-467C-842E-6E568CF8021F}.Release|Any CPU.Build.0 = Release|Any CPU
		{4FDF74BF-52F5-455F-958D-3CB3E6F0D0E0}.Debug|Any CPU.ActiveCfg = Debug|Any CPU
		{4FDF74BF-52F5-455F-958D-3CB3E6F0D0E0}.Debug|Any CPU.Build.0 = Debug|Any CPU
		{4FDF74BF-52F5-455F-958D-3CB3E6F0D0E0}.Release|Any CPU.ActiveCfg = Release|Any CPU
		{4FDF74BF-52F5-455F-958D-3CB3E6F0D0E0}.Release|Any CPU.Build.0 = Release|Any CPU
		{E507FC27-28DC-4431-BF90-2CB2F88A5893}.Debug|Any CPU.ActiveCfg = Debug|Any CPU
		{E507FC27-28DC-4431-BF90-2CB2F88A5893}.Debug|Any CPU.Build.0 = Debug|Any CPU
		{E507FC27-28DC-4431-BF90-2CB2F88A5893}.Release|Any CPU.ActiveCfg = Release|Any CPU
		{E507FC27-28DC-4431-BF90-2CB2F88A5893}.Release|Any CPU.Build.0 = Release|Any CPU
		{908CC848-52E0-49D9-B158-076630A92A71}.Debug|Any CPU.ActiveCfg = Debug|Any CPU
		{908CC848-52E0-49D9-B158-076630A92A71}.Debug|Any CPU.Build.0 = Debug|Any CPU
		{908CC848-52E0-49D9-B158-076630A92A71}.Release|Any CPU.ActiveCfg = Release|Any CPU
		{908CC848-52E0-49D9-B158-076630A92A71}.Release|Any CPU.Build.0 = Release|Any CPU
	EndGlobalSection
EndGlobal
