
Microsoft Visual Studio Solution File, Format Version 12.00
Project("{2150E333-8FDC-42A3-9474-1A3956D46DE8}") = "src", "src", "{7D5EDD88-31C4-4E52-8F42-7A45D06DA798}"
EndProject
Project("{FAE04EC0-301F-11D3-BF4B-00C04F79EFBC}") = "Fossa.Client.Desktop", "Fossa.Client.Desktop\Fossa.Client.Desktop.csproj", "{4FDF74BF-52F5-455F-958D-3CB3E6F0D0E0}"
EndProject
Project("{2150E333-8FDC-42A3-9474-1A3956D46DE8}") = "tests", "tests", "{3352EF0F-4D01-4EEC-B7EB-3D4BD9DC6B55}"
EndProject
Project("{FAE04EC0-301F-11D3-BF4B-00C04F79EFBC}") = "Fossa.Tests", "Fossa.Tests\Fossa.Tests.csproj", "{908CC848-52E0-49D9-B158-076630A92A71}"
EndProject
Global
	GlobalSection(SolutionConfigurationPlatforms) = preSolution
		Debug|Any CPU = Debug|Any CPU
		Release|Any CPU = Release|Any CPU
	EndGlobalSection
	GlobalSection(NestedProjects) = preSolution
		{4FDF74BF-52F5-455F-958D-3CB3E6F0D0E0} = {7D5EDD88-31C4-4E52-8F42-7A45D06DA798}
		{908CC848-52E0-49D9-B158-076630A92A71} = {3352EF0F-4D01-4EEC-B7EB-3D4BD9DC6B55}
	EndGlobalSection
	GlobalSection(ProjectConfigurationPlatforms) = postSolution
		{4FDF74BF-52F5-455F-958D-3CB3E6F0D0E0}.Debug|Any CPU.ActiveCfg = Debug|Any CPU
		{4FDF74BF-52F5-455F-958D-3CB3E6F0D0E0}.Debug|Any CPU.Build.0 = Debug|Any CPU
		{4FDF74BF-52F5-455F-958D-3CB3E6F0D0E0}.Release|Any CPU.ActiveCfg = Release|Any CPU
		{4FDF74BF-52F5-455F-958D-3CB3E6F0D0E0}.Release|Any CPU.Build.0 = Release|Any CPU
		{908CC848-52E0-49D9-B158-076630A92A71}.Debug|Any CPU.ActiveCfg = Debug|Any CPU
		{908CC848-52E0-49D9-B158-076630A92A71}.Debug|Any CPU.Build.0 = Debug|Any CPU
		{908CC848-52E0-49D9-B158-076630A92A71}.Release|Any CPU.ActiveCfg = Release|Any CPU
		{908CC848-52E0-49D9-B158-076630A92A71}.Release|Any CPU.Build.0 = Release|Any CPU
	EndGlobalSection
EndGlobal
